// !$*UTF8*$!
{
	archiveVersion = 1;
	classes = {
	};
	objectVersion = 46;
	objects = {

/* Begin PBXBuildFile section */
		AA8646C91DEABFBE0029636B /* AppDelegate.swift in Sources */ = {isa = PBXBuildFile; fileRef = AA8646C81DEABFBE0029636B /* AppDelegate.swift */; };
		AA8646CB1DEABFBE0029636B /* ViewController.swift in Sources */ = {isa = PBXBuildFile; fileRef = AA8646CA1DEABFBE0029636B /* ViewController.swift */; };
		AA8646CE1DEABFBE0029636B /* Main.storyboard in Resources */ = {isa = PBXBuildFile; fileRef = AA8646CC1DEABFBE0029636B /* Main.storyboard */; };
		AA8646D01DEABFBE0029636B /* Assets.xcassets in Resources */ = {isa = PBXBuildFile; fileRef = AA8646CF1DEABFBE0029636B /* Assets.xcassets */; };
		AA8646D31DEABFBE0029636B /* LaunchScreen.storyboard in Resources */ = {isa = PBXBuildFile; fileRef = AA8646D11DEABFBE0029636B /* LaunchScreen.storyboard */; };
		AA8646DB1DEAC1310029636B /* RGBAImage.swift in Sources */ = {isa = PBXBuildFile; fileRef = AA8646DA1DEAC1310029636B /* RGBAImage.swift */; };
/* End PBXBuildFile section */

/* Begin PBXFileReference section */
		AA8646C51DEABFBE0029636B /* Filterer.app */ = {isa = PBXFileReference; explicitFileType = wrapper.application; includeInIndex = 0; path = Filterer.app; sourceTree = BUILT_PRODUCTS_DIR; };
		AA8646C81DEABFBE0029636B /* AppDelegate.swift */ = {isa = PBXFileReference; lastKnownFileType = sourcecode.swift; path = AppDelegate.swift; sourceTree = "<group>"; };
		AA8646CA1DEABFBE0029636B /* ViewController.swift */ = {isa = PBXFileReference; lastKnownFileType = sourcecode.swift; path = ViewController.swift; sourceTree = "<group>"; };
		AA8646CD1DEABFBE0029636B /* Base */ = {isa = PBXFileReference; lastKnownFileType = file.storyboard; name = Base; path = Base.lproj/Main.storyboard; sourceTree = "<group>"; };
		AA8646CF1DEABFBE0029636B /* Assets.xcassets */ = {isa = PBXFileReference; lastKnownFileType = folder.assetcatalog; path = Assets.xcassets; sourceTree = "<group>"; };
		AA8646D21DEABFBE0029636B /* Base */ = {isa = PBXFileReference; lastKnownFileType = file.storyboard; name = Base; path = Base.lproj/LaunchScreen.storyboard; sourceTree = "<group>"; };
		AA8646D41DEABFBE0029636B /* Info.plist */ = {isa = PBXFileReference; lastKnownFileType = text.plist.xml; path = Info.plist; sourceTree = "<group>"; };
		AA8646DA1DEAC1310029636B /* RGBAImage.swift */ = {isa = PBXFileReference; fileEncoding = 4; lastKnownFileType = sourcecode.swift; path = RGBAImage.swift; sourceTree = "<group>"; };
/* End PBXFileReference section */

/* Begin PBXFrameworksBuildPhase section */
		AA8646C21DEABFBD0029636B /* Frameworks */ = {
			isa = PBXFrameworksBuildPhase;
			buildActionMask = 2147483647;
			files = (
			);
			runOnlyForDeploymentPostprocessing = 0;
		};
/* End PBXFrameworksBuildPhase section */

/* Begin PBXGroup section */
		AA8646BC1DEABFBD0029636B = {
			isa = PBXGroup;
			children = (
				AA8646C71DEABFBE0029636B /* Filterer */,
				AA8646C61DEABFBE0029636B /* Products */,
			);
			sourceTree = "<group>";
		};
		AA8646C61DEABFBE0029636B /* Products */ = {
			isa = PBXGroup;
			children = (
				AA8646C51DEABFBE0029636B /* Filterer.app */,
			);
			name = Products;
			sourceTree = "<group>";
		};
		AA8646C71DEABFBE0029636B /* Filterer */ = {
			isa = PBXGroup;
			children = (
				AA8646DA1DEAC1310029636B /* RGBAImage.swift */,
				AA8646C81DEABFBE0029636B /* AppDelegate.swift */,
				AA8646CA1DEABFBE0029636B /* ViewController.swift */,
				AA8646CC1DEABFBE0029636B /* Main.storyboard */,
				AA8646CF1DEABFBE0029636B /* Assets.xcassets */,
				AA8646D11DEABFBE0029636B /* LaunchScreen.storyboard */,
				AA8646D41DEABFBE0029636B /* Info.plist */,
			);
			path = Filterer;
			sourceTree = "<group>";
		};
/* End PBXGroup section */

/* Begin PBXNativeTarget section */
		AA8646C41DEABFBD0029636B /* Filterer */ = {
			isa = PBXNativeTarget;
			buildConfigurationList = AA8646D71DEABFBE0029636B /* Build configuration list for PBXNativeTarget "Filterer" */;
			buildPhases = (
				AA8646C11DEABFBD0029636B /* Sources */,
				AA8646C21DEABFBD0029636B /* Frameworks */,
				AA8646C31DEABFBD0029636B /* Resources */,
			);
			buildRules = (
			);
			dependencies = (
			);
			name = Filterer;
			productName = Filterer;
			productReference = AA8646C51DEABFBE0029636B /* Filterer.app */;
			productType = "com.apple.product-type.application";
		};
/* End PBXNativeTarget section */

/* Begin PBXProject section */
		AA8646BD1DEABFBD0029636B /* Project object */ = {
			isa = PBXProject;
			attributes = {
				LastSwiftUpdateCheck = 0810;
				LastUpgradeCheck = 0810;
				ORGANIZATIONNAME = zexception;
				TargetAttributes = {
					AA8646C41DEABFBD0029636B = {
						CreatedOnToolsVersion = 8.1;
						DevelopmentTeam = 3SL77UHG4Y;
						ProvisioningStyle = Automatic;
					};
				};
			};
			buildConfigurationList = AA8646C01DEABFBD0029636B /* Build configuration list for PBXProject "Filterer" */;
			compatibilityVersion = "Xcode 3.2";
			developmentRegion = English;
			hasScannedForEncodings = 0;
			knownRegions = (
				en,
				Base,
			);
			mainGroup = AA8646BC1DEABFBD0029636B;
			productRefGroup = AA8646C61DEABFBE0029636B /* Products */;
			projectDirPath = "";
			projectRoot = "";
			targets = (
				AA8646C41DEABFBD0029636B /* Filterer */,
			);
		};
/* End PBXProject section */

/* Begin PBXResourcesBuildPhase section */
		AA8646C31DEABFBD0029636B /* Resources */ = {
			isa = PBXResourcesBuildPhase;
			buildActionMask = 2147483647;
			files = (
				AA8646D31DEABFBE0029636B /* LaunchScreen.storyboard in Resources */,
				AA8646D01DEABFBE0029636B /* Assets.xcassets in Resources */,
				AA8646CE1DEABFBE0029636B /* Main.storyboard in Resources */,
			);
			runOnlyForDeploymentPostprocessing = 0;
		};
/* End PBXResourcesBuildPhase section */

/* Begin PBXSourcesBuildPhase section */
		AA8646C11DEABFBD0029636B /* Sources */ = {
			isa = PBXSourcesBuildPhase;
			buildActionMask = 2147483647;
			files = (
				AA8646CB1DEABFBE0029636B /* ViewController.swift in Sources */,
				AA8646DB1DEAC1310029636B /* RGBAImage.swift in Sources */,
				AA8646C91DEABFBE0029636B /* AppDelegate.swift in Sources */,
			);
			runOnlyForDeploymentPostprocessing = 0;
		};
/* End PBXSourcesBuildPhase section */

/* Begin PBXVariantGroup section */
		AA8646CC1DEABFBE0029636B /* Main.storyboard */ = {
			isa = PBXVariantGroup;
			children = (
				AA8646CD1DEABFBE0029636B /* Base */,
			);
			name = Main.storyboard;
			sourceTree = "<group>";
		};
		AA8646D11DEABFBE0029636B /* LaunchScreen.storyboard */ = {
			isa = PBXVariantGroup;
			children = (
				AA8646D21DEABFBE0029636B /* Base */,
			);
			name = LaunchScreen.storyboard;
			sourceTree = "<group>";
		};
/* End PBXVariantGroup section */

/* Begin XCBuildConfiguration section */
		AA8646D51DEABFBE0029636B /* Debug */ = {
			isa = XCBuildConfiguration;
			buildSettings = {
				ALWAYS_SEARCH_USER_PATHS = NO;
				CLANG_ANALYZER_NONNULL = YES;
				CLANG_CXX_LANGUAGE_STANDARD = "gnu++0x";
				CLANG_CXX_LIBRARY = "libc++";
				CLANG_ENABLE_MODULES = YES;
				CLANG_ENABLE_OBJC_ARC = YES;
				CLANG_WARN_BOOL_CONVERSION = YES;
				CLANG_WARN_CONSTANT_CONVERSION = YES;
				CLANG_WARN_DIRECT_OBJC_ISA_USAGE = YES_ERROR;
				CLANG_WARN_DOCUMENTATION_COMMENTS = YES;
				CLANG_WARN_EMPTY_BODY = YES;
				CLANG_WARN_ENUM_CONVERSION = YES;
				CLANG_WARN_INFINITE_RECURSION = YES;
				CLANG_WARN_INT_CONVERSION = YES;
				CLANG_WARN_OBJC_ROOT_CLASS = YES_ERROR;
				CLANG_WARN_SUSPICIOUS_MOVES = YES;
				CLANG_WARN_UNREACHABLE_CODE = YES;
				CLANG_WARN__DUPLICATE_METHOD_MATCH = YES;
				"CODE_SIGN_IDENTITY[sdk=iphoneos*]" = "iPhone Developer";
				COPY_PHASE_STRIP = NO;
				DEBUG_INFORMATION_FORMAT = dwarf;
				ENABLE_STRICT_OBJC_MSGSEND = YES;
				ENABLE_TESTABILITY = YES;
				GCC_C_LANGUAGE_STANDARD = gnu99;
				GCC_DYNAMIC_NO_PIC = NO;
				GCC_NO_COMMON_BLOCKS = YES;
				GCC_OPTIMIZATION_LEVEL = 0;
				GCC_PREPROCESSOR_DEFINITIONS = (
					"DEBUG=1",
					"$(inherited)",
				);
				GCC_WARN_64_TO_32_BIT_CONVERSION = YES;
				GCC_WARN_ABOUT_RETURN_TYPE = YES_ERROR;
				GCC_WARN_UNDECLARED_SELECTOR = YES;
				GCC_WARN_UNINITIALIZED_AUTOS = YES_AGGRESSIVE;
				GCC_WARN_UNUSED_FUNCTION = YES;
				GCC_WARN_UNUSED_VARIABLE = YES;
				IPHONEOS_DEPLOYMENT_TARGET = 10.1;
				MTL_ENABLE_DEBUG_INFO = YES;
				ONLY_ACTIVE_ARCH = YES;
				SDKROOT = iphoneos;
				SWIFT_ACTIVE_COMPILATION_CONDITIONS = DEBUG;
				SWIFT_OPTIMIZATION_LEVEL = "-Onone";
				TARGETED_DEVICE_FAMILY = "1,2";
			};
			name = Debug;
		};
		AA8646D61DEABFBE0029636B /* Release */ = {
			isa = XCBuildConfiguration;
			buildSettings = {
				ALWAYS_SEARCH_USER_PATHS = NO;
				CLANG_ANALYZER_NONNULL = YES;
				CLANG_CXX_LANGUAGE_STANDARD = "gnu++0x";
				CLANG_CXX_LIBRARY = "libc++";
				CLANG_ENABLE_MODULES = YES;
				CLANG_ENABLE_OBJC_ARC = YES;
				CLANG_WARN_BOOL_CONVERSION = YES;
				CLANG_WARN_CONSTANT_CONVERSION = YES;
				CLANG_WARN_DIRECT_OBJC_ISA_USAGE = YES_ERROR;
				CLANG_WARN_DOCUMENTATION_COMMENTS = YES;
				CLANG_WARN_EMPTY_BODY = YES;
				CLANG_WARN_ENUM_CONVERSION = YES;
				CLANG_WARN_INFINITE_RECURSION = YES;
				CLANG_WARN_INT_CONVERSION = YES;
				CLANG_WARN_OBJC_ROOT_CLASS = YES_ERROR;
				CLANG_WARN_SUSPICIOUS_MOVES = YES;
				CLANG_WARN_UNREACHABLE_CODE = YES;
				CLANG_WARN__DUPLICATE_METHOD_MATCH = YES;
				"CODE_SIGN_IDENTITY[sdk=iphoneos*]" = "iPhone Developer";
				COPY_PHASE_STRIP = NO;
				DEBUG_INFORMATION_FORMAT = "dwarf-with-dsym";
				ENABLE_NS_ASSERTIONS = NO;
				ENABLE_STRICT_OBJC_MSGSEND = YES;
				GCC_C_LANGUAGE_STANDARD = gnu99;
				GCC_NO_COMMON_BLOCKS = YES;
				GCC_WARN_64_TO_32_BIT_CONVERSION = YES;
				GCC_WARN_ABOUT_RETURN_TYPE = YES_ERROR;
				GCC_WARN_UNDECLARED_SELECTOR = YES;
				GCC_WARN_UNINITIALIZED_AUTOS = YES_AGGRESSIVE;
				GCC_WARN_UNUSED_FUNCTION = YES;
				GCC_WARN_UNUSED_VARIABLE = YES;
				IPHONEOS_DEPLOYMENT_TARGET = 10.1;
				MTL_ENABLE_DEBUG_INFO = NO;
				SDKROOT = iphoneos;
				SWIFT_OPTIMIZATION_LEVEL = "-Owholemodule";
				TARGETED_DEVICE_FAMILY = "1,2";
				VALIDATE_PRODUCT = YES;
			};
			name = Release;
		};
		AA8646D81DEABFBE0029636B /* Debug */ = {
			isa = XCBuildConfiguration;
			buildSettings = {
				ASSETCATALOG_COMPILER_APPICON_NAME = AppIcon;
				DEVELOPMENT_TEAM = 3SL77UHG4Y;
				INFOPLIST_FILE = Filterer/Info.plist;
				IPHONEOS_DEPLOYMENT_TARGET = 10.1;
				LD_RUNPATH_SEARCH_PATHS = "$(inherited) @executable_path/Frameworks";
				PRODUCT_BUNDLE_IDENTIFIER = com.zexception.Filterer;
				PRODUCT_NAME = "$(TARGET_NAME)";
				SWIFT_VERSION = 2.3;
			};
			name = Debug;
		};
		AA8646D91DEABFBE0029636B /* Release */ = {
			isa = XCBuildConfiguration;
			buildSettings = {
				ASSETCATALOG_COMPILER_APPICON_NAME = AppIcon;
				DEVELOPMENT_TEAM = 3SL77UHG4Y;
				INFOPLIST_FILE = Filterer/Info.plist;
				IPHONEOS_DEPLOYMENT_TARGET = 10.1;
				LD_RUNPATH_SEARCH_PATHS = "$(inherited) @executable_path/Frameworks";
				PRODUCT_BUNDLE_IDENTIFIER = com.zexception.Filterer;
				PRODUCT_NAME = "$(TARGET_NAME)";
				SWIFT_VERSION = 2.3;
			};
			name = Release;
		};
/* End XCBuildConfiguration section */

/* Begin XCConfigurationList section */
		AA8646C01DEABFBD0029636B /* Build configuration list for PBXProject "Filterer" */ = {
			isa = XCConfigurationList;
			buildConfigurations = (
				AA8646D51DEABFBE0029636B /* Debug */,
				AA8646D61DEABFBE0029636B /* Release */,
			);
			defaultConfigurationIsVisible = 0;
			defaultConfigurationName = Release;
		};
		AA8646D71DEABFBE0029636B /* Build configuration list for PBXNativeTarget "Filterer" */ = {
			isa = XCConfigurationList;
			buildConfigurations = (
				AA8646D81DEABFBE0029636B /* Debug */,
				AA8646D91DEABFBE0029636B /* Release */,
			);
			defaultConfigurationIsVisible = 0;
			defaultConfigurationName = Release;
		};
/* End XCConfigurationList section */
	};
	rootObject = AA8646BD1DEABFBD0029636B /* Project object */;
}
